# THIS IS AN AUTOGENERATED FILE. DO NOT EDIT THIS FILE DIRECTLY.
# yarn lockfile v1


"@types/bson@*":
  version "4.0.3"
  resolved "https://registry.yarnpkg.com/@types/bson/-/bson-4.0.3.tgz#30889d2ffde6262abbe38659364c631454999fbf"
  integrity sha512-mVRvYnTOZJz3ccpxhr3wgxVmSeiYinW+zlzQz3SXWaJmD1DuL05Jeq7nKw3SnbKmbleW5qrLG5vdyWe/A9sXhw==
  dependencies:
    "@types/node" "*"

"@types/mongodb@*":
  version "3.5.34"
  resolved "https://registry.yarnpkg.com/@types/mongodb/-/mongodb-3.5.34.tgz#eaa04b9a85906129fb9aab2eb63079edcf802a98"
  integrity sha512-73iy3+MiH+wxSM+hVA5jcW9ZTUaor2WKvM7hW+htOSgVb7E6/JBHOWaxj7rL1/vaxEBziKRr/VPecy3YAKqLuQ==
  dependencies:
    "@types/bson" "*"
    "@types/node" "*"

"@types/mongoose@^5.10.1":
  version "5.10.1"
  resolved "https://registry.yarnpkg.com/@types/mongoose/-/mongoose-5.10.1.tgz#41d5fe0fef5dce33c140467f1cb2a53b689a66e6"
  integrity sha512-5yqbLHOyCQhUb7GPGW0A2dauUbhwgBvUWMzYcaUQiHdLZ8slgRp2R6i8FETZ+t5xeXpfhylYp9U7dAng7WamqQ==
  dependencies:
    "@types/mongodb" "*"
    "@types/node" "*"

"@types/node@*":
  version "14.14.10"
  resolved "https://registry.yarnpkg.com/@types/node/-/node-14.14.10.tgz#5958a82e41863cfc71f2307b3748e3491ba03785"
  integrity sha512-J32dgx2hw8vXrSbu4ZlVhn1Nm3GbeCFNw2FWL8S5QKucHGY0cyNwjdQdO+KMBZ4wpmC7KhLCiNsdk1RFRIYUQQ==
